// !$*UTF8*$!
{
	archiveVersion = 1;
	classes = {
	};
	objectVersion = 56;
	objects = {

/* Begin PBXBuildFile section */
		2C50972A2ADAAA51000D0029 /* ResultAttributes.swift in Sources */ = {isa = PBXBuildFile; fileRef = 2C5097292ADAAA51000D0029 /* ResultAttributes.swift */; };
		2C5097332ADAB20F000D0029 /* WidgetKit.framework in Frameworks */ = {isa = PBXBuildFile; fileRef = 2C5097322ADAB20F000D0029 /* WidgetKit.framework */; };
		2C5097352ADAB210000D0029 /* SwiftUI.framework in Frameworks */ = {isa = PBXBuildFile; fileRef = 2C5097342ADAB210000D0029 /* SwiftUI.framework */; };
		2C5097382ADAB210000D0029 /* ResultsBundle.swift in Sources */ = {isa = PBXBuildFile; fileRef = 2C5097372ADAB210000D0029 /* ResultsBundle.swift */; };
		2C50973A2ADAB210000D0029 /* Results.swift in Sources */ = {isa = PBXBuildFile; fileRef = 2C5097392ADAB210000D0029 /* Results.swift */; };
		2C50973C2ADAB212000D0029 /* Assets.xcassets in Resources */ = {isa = PBXBuildFile; fileRef = 2C50973B2ADAB212000D0029 /* Assets.xcassets */; };
		2C5097402ADAB212000D0029 /* ResultsExtension.appex in Embed Foundation Extensions */ = {isa = PBXBuildFile; fileRef = 2C5097302ADAB20F000D0029 /* ResultsExtension.appex */; settings = {ATTRIBUTES = (RemoveHeadersOnCopy, ); }; };
		2C5097462ADAB32B000D0029 /* ResultAttributes.swift in Sources */ = {isa = PBXBuildFile; fileRef = 2C5097292ADAAA51000D0029 /* ResultAttributes.swift */; };
		2C70A9242AD57F33003262C9 /* calculatorApp.swift in Sources */ = {isa = PBXBuildFile; fileRef = 2C70A9232AD57F33003262C9 /* calculatorApp.swift */; };
		2C70A9262AD57F33003262C9 /* ContentView.swift in Sources */ = {isa = PBXBuildFile; fileRef = 2C70A9252AD57F33003262C9 /* ContentView.swift */; };
		2C70A9282AD57F33003262C9 /* Item.swift in Sources */ = {isa = PBXBuildFile; fileRef = 2C70A9272AD57F33003262C9 /* Item.swift */; };
		2C70A92A2AD57F37003262C9 /* Assets.xcassets in Resources */ = {isa = PBXBuildFile; fileRef = 2C70A9292AD57F37003262C9 /* Assets.xcassets */; };
		2C70A92D2AD57F37003262C9 /* Preview Assets.xcassets in Resources */ = {isa = PBXBuildFile; fileRef = 2C70A92C2AD57F37003262C9 /* Preview Assets.xcassets */; };
		2C70A9372AD57F37003262C9 /* calculatorTests.swift in Sources */ = {isa = PBXBuildFile; fileRef = 2C70A9362AD57F37003262C9 /* calculatorTests.swift */; };
		2C70A9412AD57F37003262C9 /* calculatorUITests.swift in Sources */ = {isa = PBXBuildFile; fileRef = 2C70A9402AD57F37003262C9 /* calculatorUITests.swift */; };
		2C70A9432AD57F38003262C9 /* calculatorUITestsLaunchTests.swift in Sources */ = {isa = PBXBuildFile; fileRef = 2C70A9422AD57F38003262C9 /* calculatorUITestsLaunchTests.swift */; };
		2C70A9502AD57F81003262C9 /* CalculatorView.swift in Sources */ = {isa = PBXBuildFile; fileRef = 2C70A94F2AD57F81003262C9 /* CalculatorView.swift */; };
		2C70A9532AD581BD003262C9 /* Expression in Frameworks */ = {isa = PBXBuildFile; productRef = 2C70A9522AD581BD003262C9 /* Expression */; };
		2C70A9552AD581F7003262C9 /* HistoryView.swift in Sources */ = {isa = PBXBuildFile; fileRef = 2C70A9542AD581F7003262C9 /* HistoryView.swift */; };
		2C70A9572AD58282003262C9 /* TextCalculatorView.swift in Sources */ = {isa = PBXBuildFile; fileRef = 2C70A9562AD58282003262C9 /* TextCalculatorView.swift */; };
/* End PBXBuildFile section */

/* Begin PBXContainerItemProxy section */
		2C50973E2ADAB212000D0029 /* PBXContainerItemProxy */ = {
			isa = PBXContainerItemProxy;
			containerPortal = 2C70A9182AD57F33003262C9 /* Project object */;
			proxyType = 1;
			remoteGlobalIDString = 2C50972F2ADAB20F000D0029;
			remoteInfo = ResultsExtension;
		};
		2C70A9332AD57F37003262C9 /* PBXContainerItemProxy */ = {
			isa = PBXContainerItemProxy;
			containerPortal = 2C70A9182AD57F33003262C9 /* Project object */;
			proxyType = 1;
			remoteGlobalIDString = 2C70A91F2AD57F33003262C9;
			remoteInfo = calculator;
		};
		2C70A93D2AD57F37003262C9 /* PBXContainerItemProxy */ = {
			isa = PBXContainerItemProxy;
			containerPortal = 2C70A9182AD57F33003262C9 /* Project object */;
			proxyType = 1;
			remoteGlobalIDString = 2C70A91F2AD57F33003262C9;
			remoteInfo = calculator;
		};
/* End PBXContainerItemProxy section */

/* Begin PBXCopyFilesBuildPhase section */
		2C5097442ADAB212000D0029 /* Embed Foundation Extensions */ = {
			isa = PBXCopyFilesBuildPhase;
			buildActionMask = 2147483647;
			dstPath = "";
			dstSubfolderSpec = 13;
			files = (
				2C5097402ADAB212000D0029 /* ResultsExtension.appex in Embed Foundation Extensions */,
			);
			name = "Embed Foundation Extensions";
			runOnlyForDeploymentPostprocessing = 0;
		};
/* End PBXCopyFilesBuildPhase section */

/* Begin PBXFileReference section */
		2C5097292ADAAA51000D0029 /* ResultAttributes.swift */ = {isa = PBXFileReference; lastKnownFileType = sourcecode.swift; path = ResultAttributes.swift; sourceTree = "<group>"; };
		2C50972B2ADAB181000D0029 /* Info.plist */ = {isa = PBXFileReference; lastKnownFileType = text.plist; path = Info.plist; sourceTree = "<group>"; };
		2C5097302ADAB20F000D0029 /* ResultsExtension.appex */ = {isa = PBXFileReference; explicitFileType = "wrapper.app-extension"; includeInIndex = 0; path = ResultsExtension.appex; sourceTree = BUILT_PRODUCTS_DIR; };
		2C5097322ADAB20F000D0029 /* WidgetKit.framework */ = {isa = PBXFileReference; lastKnownFileType = wrapper.framework; name = WidgetKit.framework; path = System/Library/Frameworks/WidgetKit.framework; sourceTree = SDKROOT; };
		2C5097342ADAB210000D0029 /* SwiftUI.framework */ = {isa = PBXFileReference; lastKnownFileType = wrapper.framework; name = SwiftUI.framework; path = System/Library/Frameworks/SwiftUI.framework; sourceTree = SDKROOT; };
		2C5097372ADAB210000D0029 /* ResultsBundle.swift */ = {isa = PBXFileReference; lastKnownFileType = sourcecode.swift; path = ResultsBundle.swift; sourceTree = "<group>"; };
		2C5097392ADAB210000D0029 /* Results.swift */ = {isa = PBXFileReference; lastKnownFileType = sourcecode.swift; path = Results.swift; sourceTree = "<group>"; };
		2C50973B2ADAB212000D0029 /* Assets.xcassets */ = {isa = PBXFileReference; lastKnownFileType = folder.assetcatalog; path = Assets.xcassets; sourceTree = "<group>"; };
		2C50973D2ADAB212000D0029 /* Info.plist */ = {isa = PBXFileReference; lastKnownFileType = text.plist.xml; path = Info.plist; sourceTree = "<group>"; };
		2C70A9202AD57F33003262C9 /* calculator.app */ = {isa = PBXFileReference; explicitFileType = wrapper.application; includeInIndex = 0; path = calculator.app; sourceTree = BUILT_PRODUCTS_DIR; };
		2C70A9232AD57F33003262C9 /* calculatorApp.swift */ = {isa = PBXFileReference; lastKnownFileType = sourcecode.swift; path = calculatorApp.swift; sourceTree = "<group>"; };
		2C70A9252AD57F33003262C9 /* ContentView.swift */ = {isa = PBXFileReference; lastKnownFileType = sourcecode.swift; path = ContentView.swift; sourceTree = "<group>"; };
		2C70A9272AD57F33003262C9 /* Item.swift */ = {isa = PBXFileReference; lastKnownFileType = sourcecode.swift; path = Item.swift; sourceTree = "<group>"; };
		2C70A9292AD57F37003262C9 /* Assets.xcassets */ = {isa = PBXFileReference; lastKnownFileType = folder.assetcatalog; path = Assets.xcassets; sourceTree = "<group>"; };
		2C70A92C2AD57F37003262C9 /* Preview Assets.xcassets */ = {isa = PBXFileReference; lastKnownFileType = folder.assetcatalog; path = "Preview Assets.xcassets"; sourceTree = "<group>"; };
		2C70A9322AD57F37003262C9 /* calculatorTests.xctest */ = {isa = PBXFileReference; explicitFileType = wrapper.cfbundle; includeInIndex = 0; path = calculatorTests.xctest; sourceTree = BUILT_PRODUCTS_DIR; };
		2C70A9362AD57F37003262C9 /* calculatorTests.swift */ = {isa = PBXFileReference; lastKnownFileType = sourcecode.swift; path = calculatorTests.swift; sourceTree = "<group>"; };
		2C70A93C2AD57F37003262C9 /* calculatorUITests.xctest */ = {isa = PBXFileReference; explicitFileType = wrapper.cfbundle; includeInIndex = 0; path = calculatorUITests.xctest; sourceTree = BUILT_PRODUCTS_DIR; };
		2C70A9402AD57F37003262C9 /* calculatorUITests.swift */ = {isa = PBXFileReference; lastKnownFileType = sourcecode.swift; path = calculatorUITests.swift; sourceTree = "<group>"; };
		2C70A9422AD57F38003262C9 /* calculatorUITestsLaunchTests.swift */ = {isa = PBXFileReference; lastKnownFileType = sourcecode.swift; path = calculatorUITestsLaunchTests.swift; sourceTree = "<group>"; };
		2C70A94F2AD57F81003262C9 /* CalculatorView.swift */ = {isa = PBXFileReference; lastKnownFileType = sourcecode.swift; path = CalculatorView.swift; sourceTree = "<group>"; };
		2C70A9542AD581F7003262C9 /* HistoryView.swift */ = {isa = PBXFileReference; lastKnownFileType = sourcecode.swift; path = HistoryView.swift; sourceTree = "<group>"; };
		2C70A9562AD58282003262C9 /* TextCalculatorView.swift */ = {isa = PBXFileReference; lastKnownFileType = sourcecode.swift; path = TextCalculatorView.swift; sourceTree = "<group>"; };
/* End PBXFileReference section */

/* Begin PBXFrameworksBuildPhase section */
		2C50972D2ADAB20F000D0029 /* Frameworks */ = {
			isa = PBXFrameworksBuildPhase;
			buildActionMask = 2147483647;
			files = (
				2C5097352ADAB210000D0029 /* SwiftUI.framework in Frameworks */,
				2C5097332ADAB20F000D0029 /* WidgetKit.framework in Frameworks */,
			);
			runOnlyForDeploymentPostprocessing = 0;
		};
		2C70A91D2AD57F33003262C9 /* Frameworks */ = {
			isa = PBXFrameworksBuildPhase;
			buildActionMask = 2147483647;
			files = (
				2C70A9532AD581BD003262C9 /* Expression in Frameworks */,
			);
			runOnlyForDeploymentPostprocessing = 0;
		};
		2C70A92F2AD57F37003262C9 /* Frameworks */ = {
			isa = PBXFrameworksBuildPhase;
			buildActionMask = 2147483647;
			files = (
			);
			runOnlyForDeploymentPostprocessing = 0;
		};
		2C70A9392AD57F37003262C9 /* Frameworks */ = {
			isa = PBXFrameworksBuildPhase;
			buildActionMask = 2147483647;
			files = (
			);
			runOnlyForDeploymentPostprocessing = 0;
		};
/* End PBXFrameworksBuildPhase section */

/* Begin PBXGroup section */
		2C5097312ADAB20F000D0029 /* Frameworks */ = {
			isa = PBXGroup;
			children = (
				2C5097322ADAB20F000D0029 /* WidgetKit.framework */,
				2C5097342ADAB210000D0029 /* SwiftUI.framework */,
			);
			name = Frameworks;
			sourceTree = "<group>";
		};
		2C5097362ADAB210000D0029 /* Results */ = {
			isa = PBXGroup;
			children = (
				2C5097372ADAB210000D0029 /* ResultsBundle.swift */,
				2C5097392ADAB210000D0029 /* Results.swift */,
				2C50973B2ADAB212000D0029 /* Assets.xcassets */,
				2C50973D2ADAB212000D0029 /* Info.plist */,
			);
			path = Results;
			sourceTree = "<group>";
		};
		2C70A9172AD57F33003262C9 = {
			isa = PBXGroup;
			children = (
				2C70A9222AD57F33003262C9 /* calculator */,
				2C70A9352AD57F37003262C9 /* calculatorTests */,
				2C70A93F2AD57F37003262C9 /* calculatorUITests */,
				2C5097362ADAB210000D0029 /* Results */,
				2C5097312ADAB20F000D0029 /* Frameworks */,
				2C70A9212AD57F33003262C9 /* Products */,
			);
			sourceTree = "<group>";
		};
		2C70A9212AD57F33003262C9 /* Products */ = {
			isa = PBXGroup;
			children = (
				2C70A9202AD57F33003262C9 /* calculator.app */,
				2C70A9322AD57F37003262C9 /* calculatorTests.xctest */,
				2C70A93C2AD57F37003262C9 /* calculatorUITests.xctest */,
				2C5097302ADAB20F000D0029 /* ResultsExtension.appex */,
			);
			name = Products;
			sourceTree = "<group>";
		};
		2C70A9222AD57F33003262C9 /* calculator */ = {
			isa = PBXGroup;
			children = (
				2C50972B2ADAB181000D0029 /* Info.plist */,
				2C70A9232AD57F33003262C9 /* calculatorApp.swift */,
				2C70A9252AD57F33003262C9 /* ContentView.swift */,
				2C70A9272AD57F33003262C9 /* Item.swift */,
				2C70A9292AD57F37003262C9 /* Assets.xcassets */,
				2C70A92B2AD57F37003262C9 /* Preview Content */,
				2C70A94F2AD57F81003262C9 /* CalculatorView.swift */,
				2C70A9542AD581F7003262C9 /* HistoryView.swift */,
				2C70A9562AD58282003262C9 /* TextCalculatorView.swift */,
				2C5097292ADAAA51000D0029 /* ResultAttributes.swift */,
			);
			path = calculator;
			sourceTree = "<group>";
		};
		2C70A92B2AD57F37003262C9 /* Preview Content */ = {
			isa = PBXGroup;
			children = (
				2C70A92C2AD57F37003262C9 /* Preview Assets.xcassets */,
			);
			path = "Preview Content";
			sourceTree = "<group>";
		};
		2C70A9352AD57F37003262C9 /* calculatorTests */ = {
			isa = PBXGroup;
			children = (
				2C70A9362AD57F37003262C9 /* calculatorTests.swift */,
			);
			path = calculatorTests;
			sourceTree = "<group>";
		};
		2C70A93F2AD57F37003262C9 /* calculatorUITests */ = {
			isa = PBXGroup;
			children = (
				2C70A9402AD57F37003262C9 /* calculatorUITests.swift */,
				2C70A9422AD57F38003262C9 /* calculatorUITestsLaunchTests.swift */,
			);
			path = calculatorUITests;
			sourceTree = "<group>";
		};
/* End PBXGroup section */

/* Begin PBXNativeTarget section */
		2C50972F2ADAB20F000D0029 /* ResultsExtension */ = {
			isa = PBXNativeTarget;
			buildConfigurationList = 2C5097412ADAB212000D0029 /* Build configuration list for PBXNativeTarget "ResultsExtension" */;
			buildPhases = (
				2C50972C2ADAB20F000D0029 /* Sources */,
				2C50972D2ADAB20F000D0029 /* Frameworks */,
				2C50972E2ADAB20F000D0029 /* Resources */,
			);
			buildRules = (
			);
			dependencies = (
			);
			name = ResultsExtension;
			productName = ResultsExtension;
			productReference = 2C5097302ADAB20F000D0029 /* ResultsExtension.appex */;
			productType = "com.apple.product-type.app-extension";
		};
		2C70A91F2AD57F33003262C9 /* calculator */ = {
			isa = PBXNativeTarget;
			buildConfigurationList = 2C70A9462AD57F38003262C9 /* Build configuration list for PBXNativeTarget "calculator" */;
			buildPhases = (
				2C70A91C2AD57F33003262C9 /* Sources */,
				2C70A91D2AD57F33003262C9 /* Frameworks */,
				2C70A91E2AD57F33003262C9 /* Resources */,
				2C5097442ADAB212000D0029 /* Embed Foundation Extensions */,
			);
			buildRules = (
			);
			dependencies = (
				2C50973F2ADAB212000D0029 /* PBXTargetDependency */,
			);
			name = calculator;
			packageProductDependencies = (
				2C70A9522AD581BD003262C9 /* Expression */,
			);
			productName = calculator;
			productReference = 2C70A9202AD57F33003262C9 /* calculator.app */;
			productType = "com.apple.product-type.application";
		};
		2C70A9312AD57F37003262C9 /* calculatorTests */ = {
			isa = PBXNativeTarget;
			buildConfigurationList = 2C70A9492AD57F38003262C9 /* Build configuration list for PBXNativeTarget "calculatorTests" */;
			buildPhases = (
				2C70A92E2AD57F37003262C9 /* Sources */,
				2C70A92F2AD57F37003262C9 /* Frameworks */,
				2C70A9302AD57F37003262C9 /* Resources */,
			);
			buildRules = (
			);
			dependencies = (
				2C70A9342AD57F37003262C9 /* PBXTargetDependency */,
			);
			name = calculatorTests;
			productName = calculatorTests;
			productReference = 2C70A9322AD57F37003262C9 /* calculatorTests.xctest */;
			productType = "com.apple.product-type.bundle.unit-test";
		};
		2C70A93B2AD57F37003262C9 /* calculatorUITests */ = {
			isa = PBXNativeTarget;
			buildConfigurationList = 2C70A94C2AD57F38003262C9 /* Build configuration list for PBXNativeTarget "calculatorUITests" */;
			buildPhases = (
				2C70A9382AD57F37003262C9 /* Sources */,
				2C70A9392AD57F37003262C9 /* Frameworks */,
				2C70A93A2AD57F37003262C9 /* Resources */,
			);
			buildRules = (
			);
			dependencies = (
				2C70A93E2AD57F37003262C9 /* PBXTargetDependency */,
			);
			name = calculatorUITests;
			productName = calculatorUITests;
			productReference = 2C70A93C2AD57F37003262C9 /* calculatorUITests.xctest */;
			productType = "com.apple.product-type.bundle.ui-testing";
		};
/* End PBXNativeTarget section */

/* Begin PBXProject section */
		2C70A9182AD57F33003262C9 /* Project object */ = {
			isa = PBXProject;
			attributes = {
				BuildIndependentTargetsInParallel = 1;
				LastSwiftUpdateCheck = 1500;
				LastUpgradeCheck = 1500;
				TargetAttributes = {
					2C50972F2ADAB20F000D0029 = {
						CreatedOnToolsVersion = 15.0;
					};
					2C70A91F2AD57F33003262C9 = {
						CreatedOnToolsVersion = 15.0;
					};
					2C70A9312AD57F37003262C9 = {
						CreatedOnToolsVersion = 15.0;
						TestTargetID = 2C70A91F2AD57F33003262C9;
					};
					2C70A93B2AD57F37003262C9 = {
						CreatedOnToolsVersion = 15.0;
						TestTargetID = 2C70A91F2AD57F33003262C9;
					};
				};
			};
			buildConfigurationList = 2C70A91B2AD57F33003262C9 /* Build configuration list for PBXProject "calculator" */;
			compatibilityVersion = "Xcode 14.0";
			developmentRegion = en;
			hasScannedForEncodings = 0;
			knownRegions = (
				en,
				Base,
			);
			mainGroup = 2C70A9172AD57F33003262C9;
			packageReferences = (
				2C70A9512AD581BD003262C9 /* XCRemoteSwiftPackageReference "Expression" */,
			);
			productRefGroup = 2C70A9212AD57F33003262C9 /* Products */;
			projectDirPath = "";
			projectRoot = "";
			targets = (
				2C70A91F2AD57F33003262C9 /* calculator */,
				2C70A9312AD57F37003262C9 /* calculatorTests */,
				2C70A93B2AD57F37003262C9 /* calculatorUITests */,
				2C50972F2ADAB20F000D0029 /* ResultsExtension */,
			);
		};
/* End PBXProject section */

/* Begin PBXResourcesBuildPhase section */
		2C50972E2ADAB20F000D0029 /* Resources */ = {
			isa = PBXResourcesBuildPhase;
			buildActionMask = 2147483647;
			files = (
				2C50973C2ADAB212000D0029 /* Assets.xcassets in Resources */,
			);
			runOnlyForDeploymentPostprocessing = 0;
		};
		2C70A91E2AD57F33003262C9 /* Resources */ = {
			isa = PBXResourcesBuildPhase;
			buildActionMask = 2147483647;
			files = (
				2C70A92D2AD57F37003262C9 /* Preview Assets.xcassets in Resources */,
				2C70A92A2AD57F37003262C9 /* Assets.xcassets in Resources */,
			);
			runOnlyForDeploymentPostprocessing = 0;
		};
		2C70A9302AD57F37003262C9 /* Resources */ = {
			isa = PBXResourcesBuildPhase;
			buildActionMask = 2147483647;
			files = (
			);
			runOnlyForDeploymentPostprocessing = 0;
		};
		2C70A93A2AD57F37003262C9 /* Resources */ = {
			isa = PBXResourcesBuildPhase;
			buildActionMask = 2147483647;
			files = (
			);
			runOnlyForDeploymentPostprocessing = 0;
		};
/* End PBXResourcesBuildPhase section */

/* Begin PBXSourcesBuildPhase section */
		2C50972C2ADAB20F000D0029 /* Sources */ = {
			isa = PBXSourcesBuildPhase;
			buildActionMask = 2147483647;
			files = (
				2C5097462ADAB32B000D0029 /* ResultAttributes.swift in Sources */,
				2C50973A2ADAB210000D0029 /* Results.swift in Sources */,
				2C5097382ADAB210000D0029 /* ResultsBundle.swift in Sources */,
			);
			runOnlyForDeploymentPostprocessing = 0;
		};
		2C70A91C2AD57F33003262C9 /* Sources */ = {
			isa = PBXSourcesBuildPhase;
			buildActionMask = 2147483647;
			files = (
				2C70A9502AD57F81003262C9 /* CalculatorView.swift in Sources */,
				2C70A9572AD58282003262C9 /* TextCalculatorView.swift in Sources */,
				2C50972A2ADAAA51000D0029 /* ResultAttributes.swift in Sources */,
				2C70A9262AD57F33003262C9 /* ContentView.swift in Sources */,
				2C70A9552AD581F7003262C9 /* HistoryView.swift in Sources */,
				2C70A9282AD57F33003262C9 /* Item.swift in Sources */,
				2C70A9242AD57F33003262C9 /* calculatorApp.swift in Sources */,
			);
			runOnlyForDeploymentPostprocessing = 0;
		};
		2C70A92E2AD57F37003262C9 /* Sources */ = {
			isa = PBXSourcesBuildPhase;
			buildActionMask = 2147483647;
			files = (
				2C70A9372AD57F37003262C9 /* calculatorTests.swift in Sources */,
			);
			runOnlyForDeploymentPostprocessing = 0;
		};
		2C70A9382AD57F37003262C9 /* Sources */ = {
			isa = PBXSourcesBuildPhase;
			buildActionMask = 2147483647;
			files = (
				2C70A9432AD57F38003262C9 /* calculatorUITestsLaunchTests.swift in Sources */,
				2C70A9412AD57F37003262C9 /* calculatorUITests.swift in Sources */,
			);
			runOnlyForDeploymentPostprocessing = 0;
		};
/* End PBXSourcesBuildPhase section */

/* Begin PBXTargetDependency section */
		2C50973F2ADAB212000D0029 /* PBXTargetDependency */ = {
			isa = PBXTargetDependency;
			target = 2C50972F2ADAB20F000D0029 /* ResultsExtension */;
			targetProxy = 2C50973E2ADAB212000D0029 /* PBXContainerItemProxy */;
		};
		2C70A9342AD57F37003262C9 /* PBXTargetDependency */ = {
			isa = PBXTargetDependency;
			target = 2C70A91F2AD57F33003262C9 /* calculator */;
			targetProxy = 2C70A9332AD57F37003262C9 /* PBXContainerItemProxy */;
		};
		2C70A93E2AD57F37003262C9 /* PBXTargetDependency */ = {
			isa = PBXTargetDependency;
			target = 2C70A91F2AD57F33003262C9 /* calculator */;
			targetProxy = 2C70A93D2AD57F37003262C9 /* PBXContainerItemProxy */;
		};
/* End PBXTargetDependency section */

/* Begin XCBuildConfiguration section */
		2C5097422ADAB212000D0029 /* Debug */ = {
			isa = XCBuildConfiguration;
			buildSettings = {
				ASSETCATALOG_COMPILER_GLOBAL_ACCENT_COLOR_NAME = AccentColor;
				ASSETCATALOG_COMPILER_WIDGET_BACKGROUND_COLOR_NAME = WidgetBackground;
				CODE_SIGN_STYLE = Automatic;
				CURRENT_PROJECT_VERSION = 1;
				GENERATE_INFOPLIST_FILE = YES;
				INFOPLIST_FILE = Results/Info.plist;
				INFOPLIST_KEY_CFBundleDisplayName = Results;
				INFOPLIST_KEY_NSHumanReadableCopyright = "";
				LD_RUNPATH_SEARCH_PATHS = (
					"$(inherited)",
					"@executable_path/Frameworks",
					"@executable_path/../../Frameworks",
				);
				MARKETING_VERSION = 1.0;
				PRODUCT_BUNDLE_IDENTIFIER = xlei.app.calculator.Results;
				PRODUCT_NAME = "$(TARGET_NAME)";
				SKIP_INSTALL = YES;
				SWIFT_EMIT_LOC_STRINGS = YES;
				SWIFT_VERSION = 5.0;
				TARGETED_DEVICE_FAMILY = "1,2";
			};
			name = Debug;
		};
		2C5097432ADAB212000D0029 /* Release */ = {
			isa = XCBuildConfiguration;
			buildSettings = {
				ASSETCATALOG_COMPILER_GLOBAL_ACCENT_COLOR_NAME = AccentColor;
				ASSETCATALOG_COMPILER_WIDGET_BACKGROUND_COLOR_NAME = WidgetBackground;
				CODE_SIGN_STYLE = Automatic;
				CURRENT_PROJECT_VERSION = 1;
				GENERATE_INFOPLIST_FILE = YES;
				INFOPLIST_FILE = Results/Info.plist;
				INFOPLIST_KEY_CFBundleDisplayName = Results;
				INFOPLIST_KEY_NSHumanReadableCopyright = "";
				LD_RUNPATH_SEARCH_PATHS = (
					"$(inherited)",
					"@executable_path/Frameworks",
					"@executable_path/../../Frameworks",
				);
				MARKETING_VERSION = 1.0;
				PRODUCT_BUNDLE_IDENTIFIER = xlei.app.calculator.Results;
				PRODUCT_NAME = "$(TARGET_NAME)";
				SKIP_INSTALL = YES;
				SWIFT_EMIT_LOC_STRINGS = YES;
				SWIFT_VERSION = 5.0;
				TARGETED_DEVICE_FAMILY = "1,2";
			};
			name = Release;
		};
		2C70A9442AD57F38003262C9 /* Debug */ = {
			isa = XCBuildConfiguration;
			buildSettings = {
				ALWAYS_SEARCH_USER_PATHS = NO;
				ASSETCATALOG_COMPILER_GENERATE_SWIFT_ASSET_SYMBOL_EXTENSIONS = YES;
				CLANG_ANALYZER_NONNULL = YES;
				CLANG_ANALYZER_NUMBER_OBJECT_CONVERSION = YES_AGGRESSIVE;
				CLANG_CXX_LANGUAGE_STANDARD = "gnu++20";
				CLANG_ENABLE_MODULES = YES;
				CLANG_ENABLE_OBJC_ARC = YES;
				CLANG_ENABLE_OBJC_WEAK = YES;
				CLANG_WARN_BLOCK_CAPTURE_AUTORELEASING = YES;
				CLANG_WARN_BOOL_CONVERSION = YES;
				CLANG_WARN_COMMA = YES;
				CLANG_WARN_CONSTANT_CONVERSION = YES;
				CLANG_WARN_DEPRECATED_OBJC_IMPLEMENTATIONS = YES;
				CLANG_WARN_DIRECT_OBJC_ISA_USAGE = YES_ERROR;
				CLANG_WARN_DOCUMENTATION_COMMENTS = YES;
				CLANG_WARN_EMPTY_BODY = YES;
				CLANG_WARN_ENUM_CONVERSION = YES;
				CLANG_WARN_INFINITE_RECURSION = YES;
				CLANG_WARN_INT_CONVERSION = YES;
				CLANG_WARN_NON_LITERAL_NULL_CONVERSION = YES;
				CLANG_WARN_OBJC_IMPLICIT_RETAIN_SELF = YES;
				CLANG_WARN_OBJC_LITERAL_CONVERSION = YES;
				CLANG_WARN_OBJC_ROOT_CLASS = YES_ERROR;
				CLANG_WARN_QUOTED_INCLUDE_IN_FRAMEWORK_HEADER = YES;
				CLANG_WARN_RANGE_LOOP_ANALYSIS = YES;
				CLANG_WARN_STRICT_PROTOTYPES = YES;
				CLANG_WARN_SUSPICIOUS_MOVE = YES;
				CLANG_WARN_UNGUARDED_AVAILABILITY = YES_AGGRESSIVE;
				CLANG_WARN_UNREACHABLE_CODE = YES;
				CLANG_WARN__DUPLICATE_METHOD_MATCH = YES;
				COPY_PHASE_STRIP = NO;
				DEBUG_INFORMATION_FORMAT = dwarf;
				ENABLE_STRICT_OBJC_MSGSEND = YES;
				ENABLE_TESTABILITY = YES;
				ENABLE_USER_SCRIPT_SANDBOXING = YES;
				GCC_C_LANGUAGE_STANDARD = gnu17;
				GCC_DYNAMIC_NO_PIC = NO;
				GCC_NO_COMMON_BLOCKS = YES;
				GCC_OPTIMIZATION_LEVEL = 0;
				GCC_PREPROCESSOR_DEFINITIONS = (
					"DEBUG=1",
					"$(inherited)",
				);
				GCC_WARN_64_TO_32_BIT_CONVERSION = YES;
				GCC_WARN_ABOUT_RETURN_TYPE = YES_ERROR;
				GCC_WARN_UNDECLARED_SELECTOR = YES;
				GCC_WARN_UNINITIALIZED_AUTOS = YES_AGGRESSIVE;
				GCC_WARN_UNUSED_FUNCTION = YES;
				GCC_WARN_UNUSED_VARIABLE = YES;
				IPHONEOS_DEPLOYMENT_TARGET = 17.0;
				LOCALIZATION_PREFERS_STRING_CATALOGS = YES;
				MTL_ENABLE_DEBUG_INFO = INCLUDE_SOURCE;
				MTL_FAST_MATH = YES;
				ONLY_ACTIVE_ARCH = YES;
				SDKROOT = iphoneos;
				SWIFT_ACTIVE_COMPILATION_CONDITIONS = "DEBUG $(inherited)";
				SWIFT_OPTIMIZATION_LEVEL = "-Onone";
			};
			name = Debug;
		};
		2C70A9452AD57F38003262C9 /* Release */ = {
			isa = XCBuildConfiguration;
			buildSettings = {
				ALWAYS_SEARCH_USER_PATHS = NO;
				ASSETCATALOG_COMPILER_GENERATE_SWIFT_ASSET_SYMBOL_EXTENSIONS = YES;
				CLANG_ANALYZER_NONNULL = YES;
				CLANG_ANALYZER_NUMBER_OBJECT_CONVERSION = YES_AGGRESSIVE;
				CLANG_CXX_LANGUAGE_STANDARD = "gnu++20";
				CLANG_ENABLE_MODULES = YES;
				CLANG_ENABLE_OBJC_ARC = YES;
				CLANG_ENABLE_OBJC_WEAK = YES;
				CLANG_WARN_BLOCK_CAPTURE_AUTORELEASING = YES;
				CLANG_WARN_BOOL_CONVERSION = YES;
				CLANG_WARN_COMMA = YES;
				CLANG_WARN_CONSTANT_CONVERSION = YES;
				CLANG_WARN_DEPRECATED_OBJC_IMPLEMENTATIONS = YES;
				CLANG_WARN_DIRECT_OBJC_ISA_USAGE = YES_ERROR;
				CLANG_WARN_DOCUMENTATION_COMMENTS = YES;
				CLANG_WARN_EMPTY_BODY = YES;
				CLANG_WARN_ENUM_CONVERSION = YES;
				CLANG_WARN_INFINITE_RECURSION = YES;
				CLANG_WARN_INT_CONVERSION = YES;
				CLANG_WARN_NON_LITERAL_NULL_CONVERSION = YES;
				CLANG_WARN_OBJC_IMPLICIT_RETAIN_SELF = YES;
				CLANG_WARN_OBJC_LITERAL_CONVERSION = YES;
				CLANG_WARN_OBJC_ROOT_CLASS = YES_ERROR;
				CLANG_WARN_QUOTED_INCLUDE_IN_FRAMEWORK_HEADER = YES;
				CLANG_WARN_RANGE_LOOP_ANALYSIS = YES;
				CLANG_WARN_STRICT_PROTOTYPES = YES;
				CLANG_WARN_SUSPICIOUS_MOVE = YES;
				CLANG_WARN_UNGUARDED_AVAILABILITY = YES_AGGRESSIVE;
				CLANG_WARN_UNREACHABLE_CODE = YES;
				CLANG_WARN__DUPLICATE_METHOD_MATCH = YES;
				COPY_PHASE_STRIP = NO;
				DEBUG_INFORMATION_FORMAT = "dwarf-with-dsym";
				ENABLE_NS_ASSERTIONS = NO;
				ENABLE_STRICT_OBJC_MSGSEND = YES;
				ENABLE_USER_SCRIPT_SANDBOXING = YES;
				GCC_C_LANGUAGE_STANDARD = gnu17;
				GCC_NO_COMMON_BLOCKS = YES;
				GCC_WARN_64_TO_32_BIT_CONVERSION = YES;
				GCC_WARN_ABOUT_RETURN_TYPE = YES_ERROR;
				GCC_WARN_UNDECLARED_SELECTOR = YES;
				GCC_WARN_UNINITIALIZED_AUTOS = YES_AGGRESSIVE;
				GCC_WARN_UNUSED_FUNCTION = YES;
				GCC_WARN_UNUSED_VARIABLE = YES;
				IPHONEOS_DEPLOYMENT_TARGET = 17.0;
				LOCALIZATION_PREFERS_STRING_CATALOGS = YES;
				MTL_ENABLE_DEBUG_INFO = NO;
				MTL_FAST_MATH = YES;
				SDKROOT = iphoneos;
				SWIFT_COMPILATION_MODE = wholemodule;
				VALIDATE_PRODUCT = YES;
			};
			name = Release;
		};
		2C70A9472AD57F38003262C9 /* Debug */ = {
			isa = XCBuildConfiguration;
			buildSettings = {
				ALWAYS_EMBED_SWIFT_STANDARD_LIBRARIES = YES;
				ASSETCATALOG_COMPILER_APPICON_NAME = AppIcon;
				ASSETCATALOG_COMPILER_GLOBAL_ACCENT_COLOR_NAME = AccentColor;
				CODE_SIGN_STYLE = Automatic;
				CURRENT_PROJECT_VERSION = 1;
				DEVELOPMENT_ASSET_PATHS = "\"calculator/Preview Content\"";
				ENABLE_PREVIEWS = YES;
				GENERATE_INFOPLIST_FILE = YES;
				INFOPLIST_FILE = calculator/Info.plist;
				INFOPLIST_KEY_NSSupportsLiveActivities = YES;
				INFOPLIST_KEY_UIApplicationSceneManifest_Generation = YES;
				INFOPLIST_KEY_UIApplicationSupportsIndirectInputEvents = YES;
				INFOPLIST_KEY_UILaunchScreen_Generation = YES;
				INFOPLIST_KEY_UISupportedInterfaceOrientations_iPad = "UIInterfaceOrientationPortrait UIInterfaceOrientationPortraitUpsideDown UIInterfaceOrientationLandscapeLeft UIInterfaceOrientationLandscapeRight";
				INFOPLIST_KEY_UISupportedInterfaceOrientations_iPhone = "UIInterfaceOrientationPortrait UIInterfaceOrientationLandscapeLeft UIInterfaceOrientationLandscapeRight";
				LD_RUNPATH_SEARCH_PATHS = (
					"$(inherited)",
					"@executable_path/Frameworks",
				);
				MARKETING_VERSION = 1.0;
				PRODUCT_BUNDLE_IDENTIFIER = xlei.app.calculator;
				PRODUCT_NAME = "$(TARGET_NAME)";
				SWIFT_EMIT_LOC_STRINGS = YES;
				SWIFT_VERSION = 5.0;
				TARGETED_DEVICE_FAMILY = "1,2";
			};
			name = Debug;
		};
		2C70A9482AD57F38003262C9 /* Release */ = {
			isa = XCBuildConfiguration;
			buildSettings = {
				ALWAYS_EMBED_SWIFT_STANDARD_LIBRARIES = YES;
				ASSETCATALOG_COMPILER_APPICON_NAME = AppIcon;
				ASSETCATALOG_COMPILER_GLOBAL_ACCENT_COLOR_NAME = AccentColor;
				CODE_SIGN_STYLE = Automatic;
				CURRENT_PROJECT_VERSION = 1;
				DEVELOPMENT_ASSET_PATHS = "\"calculator/Preview Content\"";
				ENABLE_PREVIEWS = YES;
				GENERATE_INFOPLIST_FILE = YES;
				INFOPLIST_FILE = calculator/Info.plist;
				INFOPLIST_KEY_NSSupportsLiveActivities = YES;
				INFOPLIST_KEY_UIApplicationSceneManifest_Generation = YES;
				INFOPLIST_KEY_UIApplicationSupportsIndirectInputEvents = YES;
				INFOPLIST_KEY_UILaunchScreen_Generation = YES;
				INFOPLIST_KEY_UISupportedInterfaceOrientations_iPad = "UIInterfaceOrientationPortrait UIInterfaceOrientationPortraitUpsideDown UIInterfaceOrientationLandscapeLeft UIInterfaceOrientationLandscapeRight";
				INFOPLIST_KEY_UISupportedInterfaceOrientations_iPhone = "UIInterfaceOrientationPortrait UIInterfaceOrientationLandscapeLeft UIInterfaceOrientationLandscapeRight";
				LD_RUNPATH_SEARCH_PATHS = (
					"$(inherited)",
					"@executable_path/Frameworks",
				);
				MARKETING_VERSION = 1.0;
				PRODUCT_BUNDLE_IDENTIFIER = xlei.app.calculator;
				PRODUCT_NAME = "$(TARGET_NAME)";
				SWIFT_EMIT_LOC_STRINGS = YES;
				SWIFT_VERSION = 5.0;
				TARGETED_DEVICE_FAMILY = "1,2";
			};
			name = Release;
		};
		2C70A94A2AD57F38003262C9 /* Debug */ = {
			isa = XCBuildConfiguration;
			buildSettings = {
				ALWAYS_EMBED_SWIFT_STANDARD_LIBRARIES = YES;
				BUNDLE_LOADER = "$(TEST_HOST)";
				CODE_SIGN_STYLE = Automatic;
				CURRENT_PROJECT_VERSION = 1;
				GENERATE_INFOPLIST_FILE = YES;
				IPHONEOS_DEPLOYMENT_TARGET = 17.0;
				MARKETING_VERSION = 1.0;
				PRODUCT_BUNDLE_IDENTIFIER = xlei.app.calculatorTests;
				PRODUCT_NAME = "$(TARGET_NAME)";
				SWIFT_EMIT_LOC_STRINGS = NO;
				SWIFT_VERSION = 5.0;
				TARGETED_DEVICE_FAMILY = "1,2";
				TEST_HOST = "$(BUILT_PRODUCTS_DIR)/calculator.app/$(BUNDLE_EXECUTABLE_FOLDER_PATH)/calculator";
			};
			name = Debug;
		};
		2C70A94B2AD57F38003262C9 /* Release */ = {
			isa = XCBuildConfiguration;
			buildSettings = {
				ALWAYS_EMBED_SWIFT_STANDARD_LIBRARIES = YES;
				BUNDLE_LOADER = "$(TEST_HOST)";
				CODE_SIGN_STYLE = Automatic;
				CURRENT_PROJECT_VERSION = 1;
				GENERATE_INFOPLIST_FILE = YES;
				IPHONEOS_DEPLOYMENT_TARGET = 17.0;
				MARKETING_VERSION = 1.0;
				PRODUCT_BUNDLE_IDENTIFIER = xlei.app.calculatorTests;
				PRODUCT_NAME = "$(TARGET_NAME)";
				SWIFT_EMIT_LOC_STRINGS = NO;
				SWIFT_VERSION = 5.0;
				TARGETED_DEVICE_FAMILY = "1,2";
				TEST_HOST = "$(BUILT_PRODUCTS_DIR)/calculator.app/$(BUNDLE_EXECUTABLE_FOLDER_PATH)/calculator";
			};
			name = Release;
		};
		2C70A94D2AD57F38003262C9 /* Debug */ = {
			isa = XCBuildConfiguration;
			buildSettings = {
				ALWAYS_EMBED_SWIFT_STANDARD_LIBRARIES = YES;
				CODE_SIGN_STYLE = Automatic;
				CURRENT_PROJECT_VERSION = 1;
				GENERATE_INFOPLIST_FILE = YES;
				MARKETING_VERSION = 1.0;
				PRODUCT_BUNDLE_IDENTIFIER = xlei.app.calculatorUITests;
				PRODUCT_NAME = "$(TARGET_NAME)";
				SWIFT_EMIT_LOC_STRINGS = NO;
				SWIFT_VERSION = 5.0;
				TARGETED_DEVICE_FAMILY = "1,2";
				TEST_TARGET_NAME = calculator;
			};
			name = Debug;
		};
		2C70A94E2AD57F38003262C9 /* Release */ = {
			isa = XCBuildConfiguration;
			buildSettings = {
				ALWAYS_EMBED_SWIFT_STANDARD_LIBRARIES = YES;
				CODE_SIGN_STYLE = Automatic;
				CURRENT_PROJECT_VERSION = 1;
				GENERATE_INFOPLIST_FILE = YES;
				MARKETING_VERSION = 1.0;
				PRODUCT_BUNDLE_IDENTIFIER = xlei.app.calculatorUITests;
				PRODUCT_NAME = "$(TARGET_NAME)";
				SWIFT_EMIT_LOC_STRINGS = NO;
				SWIFT_VERSION = 5.0;
				TARGETED_DEVICE_FAMILY = "1,2";
				TEST_TARGET_NAME = calculator;
			};
			name = Release;
		};
/* End XCBuildConfiguration section */

/* Begin XCConfigurationList section */
		2C5097412ADAB212000D0029 /* Build configuration list for PBXNativeTarget "ResultsExtension" */ = {
			isa = XCConfigurationList;
			buildConfigurations = (
				2C5097422ADAB212000D0029 /* Debug */,
				2C5097432ADAB212000D0029 /* Release */,
			);
			defaultConfigurationIsVisible = 0;
			defaultConfigurationName = Release;
		};
		2C70A91B2AD57F33003262C9 /* Build configuration list for PBXProject "calculator" */ = {
			isa = XCConfigurationList;
			buildConfigurations = (
				2C70A9442AD57F38003262C9 /* Debug */,
				2C70A9452AD57F38003262C9 /* Release */,
			);
			defaultConfigurationIsVisible = 0;
			defaultConfigurationName = Release;
		};
		2C70A9462AD57F38003262C9 /* Build configuration list for PBXNativeTarget "calculator" */ = {
			isa = XCConfigurationList;
			buildConfigurations = (
				2C70A9472AD57F38003262C9 /* Debug */,
				2C70A9482AD57F38003262C9 /* Release */,
			);
			defaultConfigurationIsVisible = 0;
			defaultConfigurationName = Release;
		};
		2C70A9492AD57F38003262C9 /* Build configuration list for PBXNativeTarget "calculatorTests" */ = {
			isa = XCConfigurationList;
			buildConfigurations = (
				2C70A94A2AD57F38003262C9 /* Debug */,
				2C70A94B2AD57F38003262C9 /* Release */,
			);
			defaultConfigurationIsVisible = 0;
			defaultConfigurationName = Release;
		};
		2C70A94C2AD57F38003262C9 /* Build configuration list for PBXNativeTarget "calculatorUITests" */ = {
			isa = XCConfigurationList;
			buildConfigurations = (
				2C70A94D2AD57F38003262C9 /* Debug */,
				2C70A94E2AD57F38003262C9 /* Release */,
			);
			defaultConfigurationIsVisible = 0;
			defaultConfigurationName = Release;
		};
/* End XCConfigurationList section */

/* Begin XCRemoteSwiftPackageReference section */
		2C70A9512AD581BD003262C9 /* XCRemoteSwiftPackageReference "Expression" */ = {
			isa = XCRemoteSwiftPackageReference;
			repositoryURL = "https://github.com/nicklockwood/Expression";
			requirement = {
				kind = upToNextMajorVersion;
				minimumVersion = 0.13.7;
			};
		};
/* End XCRemoteSwiftPackageReference section */

/* Begin XCSwiftPackageProductDependency section */
		2C70A9522AD581BD003262C9 /* Expression */ = {
			isa = XCSwiftPackageProductDependency;
			package = 2C70A9512AD581BD003262C9 /* XCRemoteSwiftPackageReference "Expression" */;
			productName = Expression;
		};
/* End XCSwiftPackageProductDependency section */
	};
	rootObject = 2C70A9182AD57F33003262C9 /* Project object */;
}
